
Microsoft Visual Studio Solution File, Format Version 12.00
# Visual Studio Version 17
VisualStudioVersion = 17.8.34330.188
MinimumVisualStudioVersion = 10.0.40219.1
Project("{2150E333-8FDC-42A3-9474-1A3956D46DE8}") = "src", "src", "{66A95F57-600B-4EA0-B04F-36C4602B1C03}"
EndProject
Project("{2150E333-8FDC-42A3-9474-1A3956D46DE8}") = "Core", "Core", "{FCCB2FF4-40A7-46EC-9D54-D214FF3A8B28}"
EndProject
Project("{2150E333-8FDC-42A3-9474-1A3956D46DE8}") = "Infrastructure", "Infrastructure", "{51FB98B1-670C-490E-A755-CB2B94F4412C}"
EndProject
Project("{2150E333-8FDC-42A3-9474-1A3956D46DE8}") = "Api", "Api", "{485F1B63-5ABD-410E-BDC0-F7A007B3F6E8}"
EndProject
Project("{9A19103F-16F7-4668-BE54-9A1E7A4F7556}") = "BlogManagement.Domain", "BlogManagement.Domain\BlogManagement.Domain.csproj", "{0AF13574-A823-4032-A2C5-BD0B28488E63}"
EndProject
Project("{9A19103F-16F7-4668-BE54-9A1E7A4F7556}") = "BlogManagement.Application", "BlogManagement.Application\BlogManagement.Application.csproj", "{03183086-4615-4E43-A811-5082DE424D36}"
EndProject
Project("{9A19103F-16F7-4668-BE54-9A1E7A4F7556}") = "BlogManagement.Persistence", "BlogManagement.Persistence\BlogManagement.Persistence.csproj", "{D1CD64ED-9BFF-4559-B01A-284D2492AE0F}"
EndProject
Project("{9A19103F-16F7-4668-BE54-9A1E7A4F7556}") = "BlogManagement.Api", "BlogManagement.Api\BlogManagement.Api.csproj", "{A8107A40-150A-43C0-B085-0085C985738E}"
EndProject
Global
	GlobalSection(SolutionConfigurationPlatforms) = preSolution
		Debug|Any CPU = Debug|Any CPU
		Release|Any CPU = Release|Any CPU
	EndGlobalSection
	GlobalSection(ProjectConfigurationPlatforms) = postSolution
		{0AF13574-A823-4032-A2C5-BD0B28488E63}.Debug|Any CPU.ActiveCfg = Debug|Any CPU
		{0AF13574-A823-4032-A2C5-BD0B28488E63}.Debug|Any CPU.Build.0 = Debug|Any CPU
		{0AF13574-A823-4032-A2C5-BD0B28488E63}.Release|Any CPU.ActiveCfg = Release|Any CPU
		{0AF13574-A823-4032-A2C5-BD0B28488E63}.Release|Any CPU.Build.0 = Release|Any CPU
		{03183086-4615-4E43-A811-5082DE424D36}.Debug|Any CPU.ActiveCfg = Debug|Any CPU
		{03183086-4615-4E43-A811-5082DE424D36}.Debug|Any CPU.Build.0 = Debug|Any CPU
		{03183086-4615-4E43-A811-5082DE424D36}.Release|Any CPU.ActiveCfg = Release|Any CPU
		{03183086-4615-4E43-A811-5082DE424D36}.Release|Any CPU.Build.0 = Release|Any CPU
		{D1CD64ED-9BFF-4559-B01A-284D2492AE0F}.Debug|Any CPU.ActiveCfg = Debug|Any CPU
		{D1CD64ED-9BFF-4559-B01A-284D2492AE0F}.Debug|Any CPU.Build.0 = Debug|Any CPU
		{D1CD64ED-9BFF-4559-B01A-284D2492AE0F}.Release|Any CPU.ActiveCfg = Release|Any CPU
		{D1CD64ED-9BFF-4559-B01A-284D2492AE0F}.Release|Any CPU.Build.0 = Release|Any CPU
		{A8107A40-150A-43C0-B085-0085C985738E}.Debug|Any CPU.ActiveCfg = Debug|Any CPU
		{A8107A40-150A-43C0-B085-0085C985738E}.Debug|Any CPU.Build.0 = Debug|Any CPU
		{A8107A40-150A-43C0-B085-0085C985738E}.Release|Any CPU.ActiveCfg = Release|Any CPU
		{A8107A40-150A-43C0-B085-0085C985738E}.Release|Any CPU.Build.0 = Release|Any CPU
	EndGlobalSection
	GlobalSection(SolutionProperties) = preSolution
		HideSolutionNode = FALSE
	EndGlobalSection
	GlobalSection(NestedProjects) = preSolution
		{FCCB2FF4-40A7-46EC-9D54-D214FF3A8B28} = {66A95F57-600B-4EA0-B04F-36C4602B1C03}
		{51FB98B1-670C-490E-A755-CB2B94F4412C} = {66A95F57-600B-4EA0-B04F-36C4602B1C03}
		{485F1B63-5ABD-410E-BDC0-F7A007B3F6E8} = {66A95F57-600B-4EA0-B04F-36C4602B1C03}
		{0AF13574-A823-4032-A2C5-BD0B28488E63} = {FCCB2FF4-40A7-46EC-9D54-D214FF3A8B28}
		{03183086-4615-4E43-A811-5082DE424D36} = {FCCB2FF4-40A7-46EC-9D54-D214FF3A8B28}
		{D1CD64ED-9BFF-4559-B01A-284D2492AE0F} = {51FB98B1-670C-490E-A755-CB2B94F4412C}
		{A8107A40-150A-43C0-B085-0085C985738E} = {485F1B63-5ABD-410E-BDC0-F7A007B3F6E8}
	EndGlobalSection
	GlobalSection(ExtensibilityGlobals) = postSolution
		SolutionGuid = {FC31969F-13B7-476C-9E32-488B1EEF8706}
	EndGlobalSection
EndGlobal
